// !$*UTF8*$!
{
	archiveVersion = 1;
	classes = {
	};
	objectVersion = 46;
	objects = {

/* Begin PBXBuildFile section */
		052B15491DA735E10088996B /* ContactCellTableViewController.swift in Sources */ = {isa = PBXBuildFile; fileRef = 052B15471DA735E10088996B /* ContactCellTableViewController.swift */; };
		052B154A1DA735E10088996B /* ContactCellTableViewController.xib in Resources */ = {isa = PBXBuildFile; fileRef = 052B15481DA735E10088996B /* ContactCellTableViewController.xib */; };
		053359071D9E07190015158B /* ContactTableViewController.swift in Sources */ = {isa = PBXBuildFile; fileRef = 053359061D9E07190015158B /* ContactTableViewController.swift */; };
		0534F5481D93CEA300C69052 /* UserModel.swift in Sources */ = {isa = PBXBuildFile; fileRef = 0534F5471D93CEA300C69052 /* UserModel.swift */; };
		053D9E0D1D8A831700C2732C /* RestApiManager.swift in Sources */ = {isa = PBXBuildFile; fileRef = 053D9E0C1D8A831700C2732C /* RestApiManager.swift */; };
		053EC5C51D88C7EA00360F80 /* LoginController.swift in Sources */ = {isa = PBXBuildFile; fileRef = 053EC5C41D88C7EA00360F80 /* LoginController.swift */; };
		054360D81D82846B00B601EC /* AppDelegate.swift in Sources */ = {isa = PBXBuildFile; fileRef = 054360D71D82846B00B601EC /* AppDelegate.swift */; };
		054360DA1D82846B00B601EC /* ProfileController.swift in Sources */ = {isa = PBXBuildFile; fileRef = 054360D91D82846B00B601EC /* ProfileController.swift */; };
		054360DC1D82846B00B601EC /* MessageController.swift in Sources */ = {isa = PBXBuildFile; fileRef = 054360DB1D82846B00B601EC /* MessageController.swift */; };
		054360DF1D82846B00B601EC /* Main.storyboard in Resources */ = {isa = PBXBuildFile; fileRef = 054360DD1D82846B00B601EC /* Main.storyboard */; };
		054360E11D82846B00B601EC /* Assets.xcassets in Resources */ = {isa = PBXBuildFile; fileRef = 054360E01D82846B00B601EC /* Assets.xcassets */; };
		054360E41D82846B00B601EC /* LaunchScreen.storyboard in Resources */ = {isa = PBXBuildFile; fileRef = 054360E21D82846B00B601EC /* LaunchScreen.storyboard */; };
		054360FA1D82846B00B601EC /* be_talkUITests.swift in Sources */ = {isa = PBXBuildFile; fileRef = 054360F91D82846B00B601EC /* be_talkUITests.swift */; };
		05666FEC1DA5F16C00BF6D76 /* CallViewController.swift in Sources */ = {isa = PBXBuildFile; fileRef = 05666FEB1DA5F16C00BF6D76 /* CallViewController.swift */; };
		056F5A851DA2259C00A0A58E /* ContactDetailViewController.swift in Sources */ = {isa = PBXBuildFile; fileRef = 056F5A841DA2259C00A0A58E /* ContactDetailViewController.swift */; };
		0575F9651D94D138009D059C /* UIImageView.swift in Sources */ = {isa = PBXBuildFile; fileRef = 0575F9641D94D138009D059C /* UIImageView.swift */; };
		0575F9691D9512E0009D059C /* ContactController.swift in Sources */ = {isa = PBXBuildFile; fileRef = 0575F9681D9512E0009D059C /* ContactController.swift */; };
		05CE0B6B1D90D7B900844F94 /* Request.swift in Sources */ = {isa = PBXBuildFile; fileRef = 05CE0B6A1D90D7B900844F94 /* Request.swift */; };
		05CEF8DB1DA4F88300DE2D94 /* ARDAppClient.m in Sources */ = {isa = PBXBuildFile; fileRef = 05CEF8C81DA4F88300DE2D94 /* ARDAppClient.m */; };
		05CEF8DC1DA4F88300DE2D94 /* ARDMessageResponse.m in Sources */ = {isa = PBXBuildFile; fileRef = 05CEF8CA1DA4F88300DE2D94 /* ARDMessageResponse.m */; };
		05CEF8DD1DA4F88300DE2D94 /* ARDRegisterResponse.m in Sources */ = {isa = PBXBuildFile; fileRef = 05CEF8CC1DA4F88300DE2D94 /* ARDRegisterResponse.m */; };
		05CEF8DE1DA4F88300DE2D94 /* ARDSignalingMessage.m in Sources */ = {isa = PBXBuildFile; fileRef = 05CEF8CE1DA4F88300DE2D94 /* ARDSignalingMessage.m */; };
		05CEF8DF1DA4F88300DE2D94 /* ARDUtilities.m in Sources */ = {isa = PBXBuildFile; fileRef = 05CEF8D01DA4F88300DE2D94 /* ARDUtilities.m */; };
		05CEF8E01DA4F88300DE2D94 /* ARDWebSocketChannel.m in Sources */ = {isa = PBXBuildFile; fileRef = 05CEF8D21DA4F88300DE2D94 /* ARDWebSocketChannel.m */; };
		05CEF8E11DA4F88300DE2D94 /* RTCICECandidate+JSON.m in Sources */ = {isa = PBXBuildFile; fileRef = 05CEF8D41DA4F88300DE2D94 /* RTCICECandidate+JSON.m */; };
		05CEF8E21DA4F88300DE2D94 /* RTCICEServer+JSON.m in Sources */ = {isa = PBXBuildFile; fileRef = 05CEF8D61DA4F88300DE2D94 /* RTCICEServer+JSON.m */; };
		05CEF8E31DA4F88300DE2D94 /* RTCMediaConstraints+JSON.m in Sources */ = {isa = PBXBuildFile; fileRef = 05CEF8D81DA4F88300DE2D94 /* RTCMediaConstraints+JSON.m */; };
		05CEF8E41DA4F88300DE2D94 /* RTCSessionDescription+JSON.m in Sources */ = {isa = PBXBuildFile; fileRef = 05CEF8DA1DA4F88300DE2D94 /* RTCSessionDescription+JSON.m */; };
		05F1243D1D9CDCA5000620B0 /* ContactItem.swift in Sources */ = {isa = PBXBuildFile; fileRef = 05F1243C1D9CDCA5000620B0 /* ContactItem.swift */; };
		14BB8AC7E9B0BE1FA775679D /* Pods_be_talkUITests.framework in Frameworks */ = {isa = PBXBuildFile; fileRef = 9E1C0B5A627B9375C1783464 /* Pods_be_talkUITests.framework */; };
		BEB9F79592FC30CEF54F2496 /* Pods_be_talk.framework in Frameworks */ = {isa = PBXBuildFile; fileRef = 918378A727D6A4F0740585CC /* Pods_be_talk.framework */; settings = {ATTRIBUTES = (Weak, ); }; };
/* End PBXBuildFile section */

/* Begin PBXContainerItemProxy section */
		054360EB1D82846B00B601EC /* PBXContainerItemProxy */ = {
			isa = PBXContainerItemProxy;
			containerPortal = 054360CC1D82846B00B601EC /* Project object */;
			proxyType = 1;
			remoteGlobalIDString = 054360D31D82846B00B601EC;
			remoteInfo = "be-talk";
		};
		054360F61D82846B00B601EC /* PBXContainerItemProxy */ = {
			isa = PBXContainerItemProxy;
			containerPortal = 054360CC1D82846B00B601EC /* Project object */;
			proxyType = 1;
			remoteGlobalIDString = 054360D31D82846B00B601EC;
			remoteInfo = "be-talk";
		};
/* End PBXContainerItemProxy section */

/* Begin PBXFileReference section */
		052B15471DA735E10088996B /* ContactCellTableViewController.swift */ = {isa = PBXFileReference; fileEncoding = 4; lastKnownFileType = sourcecode.swift; path = ContactCellTableViewController.swift; sourceTree = "<group>"; };
		052B15481DA735E10088996B /* ContactCellTableViewController.xib */ = {isa = PBXFileReference; fileEncoding = 4; lastKnownFileType = file.xib; path = ContactCellTableViewController.xib; sourceTree = "<group>"; };
		053359061D9E07190015158B /* ContactTableViewController.swift */ = {isa = PBXFileReference; fileEncoding = 4; lastKnownFileType = sourcecode.swift; path = ContactTableViewController.swift; sourceTree = "<group>"; };
		0534F5471D93CEA300C69052 /* UserModel.swift */ = {isa = PBXFileReference; fileEncoding = 4; lastKnownFileType = sourcecode.swift; path = UserModel.swift; sourceTree = "<group>"; };
		053D9E0C1D8A831700C2732C /* RestApiManager.swift */ = {isa = PBXFileReference; fileEncoding = 4; lastKnownFileType = sourcecode.swift; path = RestApiManager.swift; sourceTree = "<group>"; };
		053EC5C41D88C7EA00360F80 /* LoginController.swift */ = {isa = PBXFileReference; fileEncoding = 4; lastKnownFileType = sourcecode.swift; path = LoginController.swift; sourceTree = "<group>"; };
		054360D41D82846B00B601EC /* be-talk.app */ = {isa = PBXFileReference; explicitFileType = wrapper.application; includeInIndex = 0; path = "be-talk.app"; sourceTree = BUILT_PRODUCTS_DIR; };
		054360D71D82846B00B601EC /* AppDelegate.swift */ = {isa = PBXFileReference; lastKnownFileType = sourcecode.swift; path = AppDelegate.swift; sourceTree = "<group>"; };
		054360D91D82846B00B601EC /* ProfileController.swift */ = {isa = PBXFileReference; lastKnownFileType = sourcecode.swift; path = ProfileController.swift; sourceTree = "<group>"; };
		054360DB1D82846B00B601EC /* MessageController.swift */ = {isa = PBXFileReference; lastKnownFileType = sourcecode.swift; path = MessageController.swift; sourceTree = "<group>"; };
		054360DE1D82846B00B601EC /* Base */ = {isa = PBXFileReference; lastKnownFileType = file.storyboard; name = Base; path = Base.lproj/Main.storyboard; sourceTree = "<group>"; };
		054360E01D82846B00B601EC /* Assets.xcassets */ = {isa = PBXFileReference; lastKnownFileType = folder.assetcatalog; path = Assets.xcassets; sourceTree = "<group>"; };
		054360E31D82846B00B601EC /* Base */ = {isa = PBXFileReference; lastKnownFileType = file.storyboard; name = Base; path = Base.lproj/LaunchScreen.storyboard; sourceTree = "<group>"; };
		054360E51D82846B00B601EC /* Info.plist */ = {isa = PBXFileReference; lastKnownFileType = text.plist.xml; path = Info.plist; sourceTree = "<group>"; };
		054360EA1D82846B00B601EC /* be-talkTests.xctest */ = {isa = PBXFileReference; explicitFileType = wrapper.cfbundle; includeInIndex = 0; path = "be-talkTests.xctest"; sourceTree = BUILT_PRODUCTS_DIR; };
		054360F51D82846B00B601EC /* be-talkUITests.xctest */ = {isa = PBXFileReference; explicitFileType = wrapper.cfbundle; includeInIndex = 0; path = "be-talkUITests.xctest"; sourceTree = BUILT_PRODUCTS_DIR; };
		054360F91D82846B00B601EC /* be_talkUITests.swift */ = {isa = PBXFileReference; lastKnownFileType = sourcecode.swift; path = be_talkUITests.swift; sourceTree = "<group>"; };
		054360FB1D82846B00B601EC /* Info.plist */ = {isa = PBXFileReference; lastKnownFileType = text.plist.xml; path = Info.plist; sourceTree = "<group>"; };
		054361071D828CD600B601EC /* be-talk.entitlements */ = {isa = PBXFileReference; lastKnownFileType = text.xml; path = "be-talk.entitlements"; sourceTree = "<group>"; };
		05666FEB1DA5F16C00BF6D76 /* CallViewController.swift */ = {isa = PBXFileReference; fileEncoding = 4; lastKnownFileType = sourcecode.swift; path = CallViewController.swift; sourceTree = "<group>"; };
		056F5A841DA2259C00A0A58E /* ContactDetailViewController.swift */ = {isa = PBXFileReference; fileEncoding = 4; lastKnownFileType = sourcecode.swift; path = ContactDetailViewController.swift; sourceTree = "<group>"; };
		0575F9641D94D138009D059C /* UIImageView.swift */ = {isa = PBXFileReference; fileEncoding = 4; lastKnownFileType = sourcecode.swift; path = UIImageView.swift; sourceTree = "<group>"; };
		0575F9681D9512E0009D059C /* ContactController.swift */ = {isa = PBXFileReference; fileEncoding = 4; lastKnownFileType = sourcecode.swift; path = ContactController.swift; sourceTree = "<group>"; };
		05CE0B6A1D90D7B900844F94 /* Request.swift */ = {isa = PBXFileReference; fileEncoding = 4; lastKnownFileType = sourcecode.swift; path = Request.swift; sourceTree = "<group>"; };
		05CEF8C01DA4E33800DE2D94 /* be-talk-bridging-header.h */ = {isa = PBXFileReference; lastKnownFileType = sourcecode.c.h; path = "be-talk-bridging-header.h"; sourceTree = "<group>"; };
		05CEF8C71DA4F88300DE2D94 /* ARDAppClient.h */ = {isa = PBXFileReference; fileEncoding = 4; lastKnownFileType = sourcecode.c.h; name = ARDAppClient.h; path = Pods/AppRTC/Lib/ARDAppClient.h; sourceTree = SOURCE_ROOT; };
		05CEF8C81DA4F88300DE2D94 /* ARDAppClient.m */ = {isa = PBXFileReference; fileEncoding = 4; lastKnownFileType = sourcecode.c.objc; name = ARDAppClient.m; path = Pods/AppRTC/Lib/ARDAppClient.m; sourceTree = SOURCE_ROOT; };
		05CEF8C91DA4F88300DE2D94 /* ARDMessageResponse.h */ = {isa = PBXFileReference; fileEncoding = 4; lastKnownFileType = sourcecode.c.h; name = ARDMessageResponse.h; path = Pods/AppRTC/Lib/ARDMessageResponse.h; sourceTree = SOURCE_ROOT; };
		05CEF8CA1DA4F88300DE2D94 /* ARDMessageResponse.m */ = {isa = PBXFileReference; fileEncoding = 4; lastKnownFileType = sourcecode.c.objc; name = ARDMessageResponse.m; path = Pods/AppRTC/Lib/ARDMessageResponse.m; sourceTree = SOURCE_ROOT; };
		05CEF8CB1DA4F88300DE2D94 /* ARDRegisterResponse.h */ = {isa = PBXFileReference; fileEncoding = 4; lastKnownFileType = sourcecode.c.h; name = ARDRegisterResponse.h; path = Pods/AppRTC/Lib/ARDRegisterResponse.h; sourceTree = SOURCE_ROOT; };
		05CEF8CC1DA4F88300DE2D94 /* ARDRegisterResponse.m */ = {isa = PBXFileReference; fileEncoding = 4; lastKnownFileType = sourcecode.c.objc; name = ARDRegisterResponse.m; path = Pods/AppRTC/Lib/ARDRegisterResponse.m; sourceTree = SOURCE_ROOT; };
		05CEF8CD1DA4F88300DE2D94 /* ARDSignalingMessage.h */ = {isa = PBXFileReference; fileEncoding = 4; lastKnownFileType = sourcecode.c.h; name = ARDSignalingMessage.h; path = Pods/AppRTC/Lib/ARDSignalingMessage.h; sourceTree = SOURCE_ROOT; };
		05CEF8CE1DA4F88300DE2D94 /* ARDSignalingMessage.m */ = {isa = PBXFileReference; fileEncoding = 4; lastKnownFileType = sourcecode.c.objc; name = ARDSignalingMessage.m; path = Pods/AppRTC/Lib/ARDSignalingMessage.m; sourceTree = SOURCE_ROOT; };
		05CEF8CF1DA4F88300DE2D94 /* ARDUtilities.h */ = {isa = PBXFileReference; fileEncoding = 4; lastKnownFileType = sourcecode.c.h; name = ARDUtilities.h; path = Pods/AppRTC/Lib/ARDUtilities.h; sourceTree = SOURCE_ROOT; };
		05CEF8D01DA4F88300DE2D94 /* ARDUtilities.m */ = {isa = PBXFileReference; fileEncoding = 4; lastKnownFileType = sourcecode.c.objc; name = ARDUtilities.m; path = Pods/AppRTC/Lib/ARDUtilities.m; sourceTree = SOURCE_ROOT; };
		05CEF8D11DA4F88300DE2D94 /* ARDWebSocketChannel.h */ = {isa = PBXFileReference; fileEncoding = 4; lastKnownFileType = sourcecode.c.h; name = ARDWebSocketChannel.h; path = Pods/AppRTC/Lib/ARDWebSocketChannel.h; sourceTree = SOURCE_ROOT; };
		05CEF8D21DA4F88300DE2D94 /* ARDWebSocketChannel.m */ = {isa = PBXFileReference; fileEncoding = 4; lastKnownFileType = sourcecode.c.objc; name = ARDWebSocketChannel.m; path = Pods/AppRTC/Lib/ARDWebSocketChannel.m; sourceTree = SOURCE_ROOT; };
		05CEF8D31DA4F88300DE2D94 /* RTCICECandidate+JSON.h */ = {isa = PBXFileReference; fileEncoding = 4; lastKnownFileType = sourcecode.c.h; name = "RTCICECandidate+JSON.h"; path = "Pods/AppRTC/Lib/RTCICECandidate+JSON.h"; sourceTree = SOURCE_ROOT; };
		05CEF8D41DA4F88300DE2D94 /* RTCICECandidate+JSON.m */ = {isa = PBXFileReference; fileEncoding = 4; lastKnownFileType = sourcecode.c.objc; name = "RTCICECandidate+JSON.m"; path = "Pods/AppRTC/Lib/RTCICECandidate+JSON.m"; sourceTree = SOURCE_ROOT; };
		05CEF8D51DA4F88300DE2D94 /* RTCICEServer+JSON.h */ = {isa = PBXFileReference; fileEncoding = 4; lastKnownFileType = sourcecode.c.h; name = "RTCICEServer+JSON.h"; path = "Pods/AppRTC/Lib/RTCICEServer+JSON.h"; sourceTree = SOURCE_ROOT; };
		05CEF8D61DA4F88300DE2D94 /* RTCICEServer+JSON.m */ = {isa = PBXFileReference; fileEncoding = 4; lastKnownFileType = sourcecode.c.objc; name = "RTCICEServer+JSON.m"; path = "Pods/AppRTC/Lib/RTCICEServer+JSON.m"; sourceTree = SOURCE_ROOT; };
		05CEF8D71DA4F88300DE2D94 /* RTCMediaConstraints+JSON.h */ = {isa = PBXFileReference; fileEncoding = 4; lastKnownFileType = sourcecode.c.h; name = "RTCMediaConstraints+JSON.h"; path = "Pods/AppRTC/Lib/RTCMediaConstraints+JSON.h"; sourceTree = SOURCE_ROOT; };
		05CEF8D81DA4F88300DE2D94 /* RTCMediaConstraints+JSON.m */ = {isa = PBXFileReference; fileEncoding = 4; lastKnownFileType = sourcecode.c.objc; name = "RTCMediaConstraints+JSON.m"; path = "Pods/AppRTC/Lib/RTCMediaConstraints+JSON.m"; sourceTree = SOURCE_ROOT; };
		05CEF8D91DA4F88300DE2D94 /* RTCSessionDescription+JSON.h */ = {isa = PBXFileReference; fileEncoding = 4; lastKnownFileType = sourcecode.c.h; name = "RTCSessionDescription+JSON.h"; path = "Pods/AppRTC/Lib/RTCSessionDescription+JSON.h"; sourceTree = SOURCE_ROOT; };
		05CEF8DA1DA4F88300DE2D94 /* RTCSessionDescription+JSON.m */ = {isa = PBXFileReference; fileEncoding = 4; lastKnownFileType = sourcecode.c.objc; name = "RTCSessionDescription+JSON.m"; path = "Pods/AppRTC/Lib/RTCSessionDescription+JSON.m"; sourceTree = SOURCE_ROOT; };
		05F1243C1D9CDCA5000620B0 /* ContactItem.swift */ = {isa = PBXFileReference; fileEncoding = 4; lastKnownFileType = sourcecode.swift; path = ContactItem.swift; sourceTree = "<group>"; };
		3C70207114327AF37204E715 /* Pods-be-talk.debug.xcconfig */ = {isa = PBXFileReference; includeInIndex = 1; lastKnownFileType = text.xcconfig; name = "Pods-be-talk.debug.xcconfig"; path = "Pods/Target Support Files/Pods-be-talk/Pods-be-talk.debug.xcconfig"; sourceTree = "<group>"; };
		61DDEE3DCC6E6374CCC57A56 /* Pods-be-talk.release.xcconfig */ = {isa = PBXFileReference; includeInIndex = 1; lastKnownFileType = text.xcconfig; name = "Pods-be-talk.release.xcconfig"; path = "Pods/Target Support Files/Pods-be-talk/Pods-be-talk.release.xcconfig"; sourceTree = "<group>"; };
		918378A727D6A4F0740585CC /* Pods_be_talk.framework */ = {isa = PBXFileReference; explicitFileType = wrapper.framework; includeInIndex = 0; path = Pods_be_talk.framework; sourceTree = BUILT_PRODUCTS_DIR; };
		9E1C0B5A627B9375C1783464 /* Pods_be_talkUITests.framework */ = {isa = PBXFileReference; explicitFileType = wrapper.framework; includeInIndex = 0; path = Pods_be_talkUITests.framework; sourceTree = BUILT_PRODUCTS_DIR; };
		BA0CB08D5D70383C663511D3 /* Pods-be-talkUITests.debug.xcconfig */ = {isa = PBXFileReference; includeInIndex = 1; lastKnownFileType = text.xcconfig; name = "Pods-be-talkUITests.debug.xcconfig"; path = "Pods/Target Support Files/Pods-be-talkUITests/Pods-be-talkUITests.debug.xcconfig"; sourceTree = "<group>"; };
		F60A5B1954F363F5C701E5F5 /* Pods-be-talkUITests.release.xcconfig */ = {isa = PBXFileReference; includeInIndex = 1; lastKnownFileType = text.xcconfig; name = "Pods-be-talkUITests.release.xcconfig"; path = "Pods/Target Support Files/Pods-be-talkUITests/Pods-be-talkUITests.release.xcconfig"; sourceTree = "<group>"; };
/* End PBXFileReference section */

/* Begin PBXFrameworksBuildPhase section */
		054360D11D82846B00B601EC /* Frameworks */ = {
			isa = PBXFrameworksBuildPhase;
			buildActionMask = 2147483647;
			files = (
				BEB9F79592FC30CEF54F2496 /* Pods_be_talk.framework in Frameworks */,
			);
			runOnlyForDeploymentPostprocessing = 0;
		};
		054360E71D82846B00B601EC /* Frameworks */ = {
			isa = PBXFrameworksBuildPhase;
			buildActionMask = 2147483647;
			files = (
			);
			runOnlyForDeploymentPostprocessing = 0;
		};
		054360F21D82846B00B601EC /* Frameworks */ = {
			isa = PBXFrameworksBuildPhase;
			buildActionMask = 2147483647;
			files = (
				14BB8AC7E9B0BE1FA775679D /* Pods_be_talkUITests.framework in Frameworks */,
			);
			runOnlyForDeploymentPostprocessing = 0;
		};
/* End PBXFrameworksBuildPhase section */

/* Begin PBXGroup section */
		052B154B1DA736080088996B /* Partial */ = {
			isa = PBXGroup;
			children = (
				052B15471DA735E10088996B /* ContactCellTableViewController.swift */,
				052B15481DA735E10088996B /* ContactCellTableViewController.xib */,
			);
			name = Partial;
			sourceTree = "<group>";
		};
		054360CB1D82846B00B601EC = {
			isa = PBXGroup;
			children = (
				054360D61D82846B00B601EC /* be-talk */,
				054360F81D82846B00B601EC /* be-talkUITests */,
				054360D51D82846B00B601EC /* Products */,
				1960EC9C3E94AFBA2420D53C /* Pods */,
				24AF050DE6346EA75E19210D /* Frameworks */,
			);
			sourceTree = "<group>";
		};
		054360D51D82846B00B601EC /* Products */ = {
			isa = PBXGroup;
			children = (
				054360D41D82846B00B601EC /* be-talk.app */,
				054360EA1D82846B00B601EC /* be-talkTests.xctest */,
				054360F51D82846B00B601EC /* be-talkUITests.xctest */,
			);
			name = Products;
			sourceTree = "<group>";
		};
		054360D61D82846B00B601EC /* be-talk */ = {
			isa = PBXGroup;
			children = (
				054361071D828CD600B601EC /* be-talk.entitlements */,
				054360D71D82846B00B601EC /* AppDelegate.swift */,
				05CEF8E71DA4FD7100DE2D94 /* Controller */,
				05CEF8C61DA4F84400DE2D94 /* Library */,
				05CEF8E51DA4FD4700DE2D94 /* Model */,
				05CEF8E81DA4FD8800DE2D94 /* Extension */,
				054360DD1D82846B00B601EC /* Main.storyboard */,
				052B154B1DA736080088996B /* Partial */,
				053D9E0C1D8A831700C2732C /* RestApiManager.swift */,
				05CEF8C01DA4E33800DE2D94 /* be-talk-bridging-header.h */,
				054360E01D82846B00B601EC /* Assets.xcassets */,
				054360E21D82846B00B601EC /* LaunchScreen.storyboard */,
				054360E51D82846B00B601EC /* Info.plist */,
			);
			path = "be-talk";
			sourceTree = "<group>";
		};
		054360F81D82846B00B601EC /* be-talkUITests */ = {
			isa = PBXGroup;
			children = (
				054360F91D82846B00B601EC /* be_talkUITests.swift */,
				054360FB1D82846B00B601EC /* Info.plist */,
			);
			path = "be-talkUITests";
			sourceTree = "<group>";
		};
		05CEF8C61DA4F84400DE2D94 /* Library */ = {
			isa = PBXGroup;
			children = (
				05CEF8C71DA4F88300DE2D94 /* ARDAppClient.h */,
				05CEF8C81DA4F88300DE2D94 /* ARDAppClient.m */,
				05CEF8C91DA4F88300DE2D94 /* ARDMessageResponse.h */,
				05CEF8CA1DA4F88300DE2D94 /* ARDMessageResponse.m */,
				05CEF8CB1DA4F88300DE2D94 /* ARDRegisterResponse.h */,
				05CEF8CC1DA4F88300DE2D94 /* ARDRegisterResponse.m */,
				05CEF8CD1DA4F88300DE2D94 /* ARDSignalingMessage.h */,
				05CEF8CE1DA4F88300DE2D94 /* ARDSignalingMessage.m */,
				05CEF8CF1DA4F88300DE2D94 /* ARDUtilities.h */,
				05CEF8D01DA4F88300DE2D94 /* ARDUtilities.m */,
				05CEF8D11DA4F88300DE2D94 /* ARDWebSocketChannel.h */,
				05CEF8D21DA4F88300DE2D94 /* ARDWebSocketChannel.m */,
				05CEF8D31DA4F88300DE2D94 /* RTCICECandidate+JSON.h */,
				05CEF8D41DA4F88300DE2D94 /* RTCICECandidate+JSON.m */,
				05CEF8D51DA4F88300DE2D94 /* RTCICEServer+JSON.h */,
				05CEF8D61DA4F88300DE2D94 /* RTCICEServer+JSON.m */,
				05CEF8D71DA4F88300DE2D94 /* RTCMediaConstraints+JSON.h */,
				05CEF8D81DA4F88300DE2D94 /* RTCMediaConstraints+JSON.m */,
				05CEF8D91DA4F88300DE2D94 /* RTCSessionDescription+JSON.h */,
				05CEF8DA1DA4F88300DE2D94 /* RTCSessionDescription+JSON.m */,
			);
			name = Library;
			sourceTree = "<group>";
		};
		05CEF8E51DA4FD4700DE2D94 /* Model */ = {
			isa = PBXGroup;
			children = (
				05F1243C1D9CDCA5000620B0 /* ContactItem.swift */,
				0534F5471D93CEA300C69052 /* UserModel.swift */,
				05CE0B6A1D90D7B900844F94 /* Request.swift */,
			);
			name = Model;
			sourceTree = "<group>";
		};
		05CEF8E71DA4FD7100DE2D94 /* Controller */ = {
			isa = PBXGroup;
			children = (
				054360D91D82846B00B601EC /* ProfileController.swift */,
				054360DB1D82846B00B601EC /* MessageController.swift */,
				056F5A841DA2259C00A0A58E /* ContactDetailViewController.swift */,
				053EC5C41D88C7EA00360F80 /* LoginController.swift */,
				0575F9681D9512E0009D059C /* ContactController.swift */,
				053359061D9E07190015158B /* ContactTableViewController.swift */,
				05666FEB1DA5F16C00BF6D76 /* CallViewController.swift */,
			);
			name = Controller;
			sourceTree = "<group>";
		};
		05CEF8E81DA4FD8800DE2D94 /* Extension */ = {
			isa = PBXGroup;
			children = (
				0575F9641D94D138009D059C /* UIImageView.swift */,
			);
			name = Extension;
			sourceTree = "<group>";
		};
		1960EC9C3E94AFBA2420D53C /* Pods */ = {
			isa = PBXGroup;
			children = (
				3C70207114327AF37204E715 /* Pods-be-talk.debug.xcconfig */,
				61DDEE3DCC6E6374CCC57A56 /* Pods-be-talk.release.xcconfig */,
				BA0CB08D5D70383C663511D3 /* Pods-be-talkUITests.debug.xcconfig */,
				F60A5B1954F363F5C701E5F5 /* Pods-be-talkUITests.release.xcconfig */,
			);
			name = Pods;
			sourceTree = "<group>";
		};
		24AF050DE6346EA75E19210D /* Frameworks */ = {
			isa = PBXGroup;
			children = (
				918378A727D6A4F0740585CC /* Pods_be_talk.framework */,
				9E1C0B5A627B9375C1783464 /* Pods_be_talkUITests.framework */,
			);
			name = Frameworks;
			sourceTree = "<group>";
		};
/* End PBXGroup section */

/* Begin PBXNativeTarget section */
		054360D31D82846B00B601EC /* be-talk */ = {
			isa = PBXNativeTarget;
			buildConfigurationList = 054360FE1D82846B00B601EC /* Build configuration list for PBXNativeTarget "be-talk" */;
			buildPhases = (
				70F68D97BA27009A04B9B44F /* [CP] Check Pods Manifest.lock */,
				054360D01D82846B00B601EC /* Sources */,
				054360D11D82846B00B601EC /* Frameworks */,
				054360D21D82846B00B601EC /* Resources */,
				50080BC1C9465E38D898B524 /* [CP] Embed Pods Frameworks */,
				EE89E4A79106E9F92F935F4A /* [CP] Copy Pods Resources */,
			);
			buildRules = (
			);
			dependencies = (
			);
			name = "be-talk";
			productName = "be-talk";
			productReference = 054360D41D82846B00B601EC /* be-talk.app */;
			productType = "com.apple.product-type.application";
		};
		054360E91D82846B00B601EC /* be-talkTests */ = {
			isa = PBXNativeTarget;
			buildConfigurationList = 054361011D82846B00B601EC /* Build configuration list for PBXNativeTarget "be-talkTests" */;
			buildPhases = (
				054360E61D82846B00B601EC /* Sources */,
				054360E71D82846B00B601EC /* Frameworks */,
				054360E81D82846B00B601EC /* Resources */,
			);
			buildRules = (
			);
			dependencies = (
				054360EC1D82846B00B601EC /* PBXTargetDependency */,
			);
			name = "be-talkTests";
			productName = "be-talkTests";
			productReference = 054360EA1D82846B00B601EC /* be-talkTests.xctest */;
			productType = "com.apple.product-type.bundle.unit-test";
		};
		054360F41D82846B00B601EC /* be-talkUITests */ = {
			isa = PBXNativeTarget;
			buildConfigurationList = 054361041D82846B00B601EC /* Build configuration list for PBXNativeTarget "be-talkUITests" */;
			buildPhases = (
				5836BEF116CB9A27622FE730 /* [CP] Check Pods Manifest.lock */,
				054360F11D82846B00B601EC /* Sources */,
				054360F21D82846B00B601EC /* Frameworks */,
				054360F31D82846B00B601EC /* Resources */,
				F6327002BBD2E1AC1E7B7814 /* [CP] Embed Pods Frameworks */,
				72FBF8D0928D43890481D863 /* [CP] Copy Pods Resources */,
			);
			buildRules = (
			);
			dependencies = (
				054360F71D82846B00B601EC /* PBXTargetDependency */,
			);
			name = "be-talkUITests";
			productName = "be-talkUITests";
			productReference = 054360F51D82846B00B601EC /* be-talkUITests.xctest */;
			productType = "com.apple.product-type.bundle.ui-testing";
		};
/* End PBXNativeTarget section */

/* Begin PBXProject section */
		054360CC1D82846B00B601EC /* Project object */ = {
			isa = PBXProject;
			attributes = {
				LastSwiftUpdateCheck = 0730;
				LastUpgradeCheck = 0800;
				ORGANIZATIONNAME = "Tmjp Engineering";
				TargetAttributes = {
					054360D31D82846B00B601EC = {
						CreatedOnToolsVersion = 7.3.1;
						DevelopmentTeam = MVG95J96JN;
						LastSwiftMigration = 0800;
						SystemCapabilities = {
							com.apple.Keychain = {
								enabled = 1;
							};
						};
					};
					054360E91D82846B00B601EC = {
						CreatedOnToolsVersion = 7.3.1;
						LastSwiftMigration = 0800;
						TestTargetID = 054360D31D82846B00B601EC;
					};
					054360F41D82846B00B601EC = {
						CreatedOnToolsVersion = 7.3.1;
						LastSwiftMigration = 0800;
						TestTargetID = 054360D31D82846B00B601EC;
					};
				};
			};
			buildConfigurationList = 054360CF1D82846B00B601EC /* Build configuration list for PBXProject "be-talk" */;
			compatibilityVersion = "Xcode 3.2";
			developmentRegion = English;
			hasScannedForEncodings = 0;
			knownRegions = (
				en,
				Base,
			);
			mainGroup = 054360CB1D82846B00B601EC;
			productRefGroup = 054360D51D82846B00B601EC /* Products */;
			projectDirPath = "";
			projectRoot = "";
			targets = (
				054360D31D82846B00B601EC /* be-talk */,
				054360E91D82846B00B601EC /* be-talkTests */,
				054360F41D82846B00B601EC /* be-talkUITests */,
			);
		};
/* End PBXProject section */

/* Begin PBXResourcesBuildPhase section */
		054360D21D82846B00B601EC /* Resources */ = {
			isa = PBXResourcesBuildPhase;
			buildActionMask = 2147483647;
			files = (
				054360E41D82846B00B601EC /* LaunchScreen.storyboard in Resources */,
				054360E11D82846B00B601EC /* Assets.xcassets in Resources */,
				052B154A1DA735E10088996B /* ContactCellTableViewController.xib in Resources */,
				054360DF1D82846B00B601EC /* Main.storyboard in Resources */,
			);
			runOnlyForDeploymentPostprocessing = 0;
		};
		054360E81D82846B00B601EC /* Resources */ = {
			isa = PBXResourcesBuildPhase;
			buildActionMask = 2147483647;
			files = (
			);
			runOnlyForDeploymentPostprocessing = 0;
		};
		054360F31D82846B00B601EC /* Resources */ = {
			isa = PBXResourcesBuildPhase;
			buildActionMask = 2147483647;
			files = (
			);
			runOnlyForDeploymentPostprocessing = 0;
		};
/* End PBXResourcesBuildPhase section */

/* Begin PBXShellScriptBuildPhase section */
		50080BC1C9465E38D898B524 /* [CP] Embed Pods Frameworks */ = {
			isa = PBXShellScriptBuildPhase;
			buildActionMask = 2147483647;
			files = (
			);
			inputPaths = (
			);
			name = "[CP] Embed Pods Frameworks";
			outputPaths = (
			);
			runOnlyForDeploymentPostprocessing = 0;
			shellPath = /bin/sh;
			shellScript = "\"${SRCROOT}/Pods/Target Support Files/Pods-be-talk/Pods-be-talk-frameworks.sh\"\n";
			showEnvVarsInLog = 0;
		};
		5836BEF116CB9A27622FE730 /* [CP] Check Pods Manifest.lock */ = {
			isa = PBXShellScriptBuildPhase;
			buildActionMask = 2147483647;
			files = (
			);
			inputPaths = (
			);
			name = "[CP] Check Pods Manifest.lock";
			outputPaths = (
			);
			runOnlyForDeploymentPostprocessing = 0;
			shellPath = /bin/sh;
			shellScript = "diff \"${PODS_ROOT}/../Podfile.lock\" \"${PODS_ROOT}/Manifest.lock\" > /dev/null\nif [ $? != 0 ] ; then\n    # print error to STDERR\n    echo \"error: The sandbox is not in sync with the Podfile.lock. Run 'pod install' or update your CocoaPods installation.\" >&2\n    exit 1\nfi\n";
			showEnvVarsInLog = 0;
		};
		70F68D97BA27009A04B9B44F /* [CP] Check Pods Manifest.lock */ = {
			isa = PBXShellScriptBuildPhase;
			buildActionMask = 2147483647;
			files = (
			);
			inputPaths = (
			);
			name = "[CP] Check Pods Manifest.lock";
			outputPaths = (
			);
			runOnlyForDeploymentPostprocessing = 0;
			shellPath = /bin/sh;
			shellScript = "diff \"${PODS_ROOT}/../Podfile.lock\" \"${PODS_ROOT}/Manifest.lock\" > /dev/null\nif [ $? != 0 ] ; then\n    # print error to STDERR\n    echo \"error: The sandbox is not in sync with the Podfile.lock. Run 'pod install' or update your CocoaPods installation.\" >&2\n    exit 1\nfi\n";
			showEnvVarsInLog = 0;
		};
		72FBF8D0928D43890481D863 /* [CP] Copy Pods Resources */ = {
			isa = PBXShellScriptBuildPhase;
			buildActionMask = 2147483647;
			files = (
			);
			inputPaths = (
			);
			name = "[CP] Copy Pods Resources";
			outputPaths = (
			);
			runOnlyForDeploymentPostprocessing = 0;
			shellPath = /bin/sh;
			shellScript = "\"${SRCROOT}/Pods/Target Support Files/Pods-be-talkUITests/Pods-be-talkUITests-resources.sh\"\n";
			showEnvVarsInLog = 0;
		};
		EE89E4A79106E9F92F935F4A /* [CP] Copy Pods Resources */ = {
			isa = PBXShellScriptBuildPhase;
			buildActionMask = 2147483647;
			files = (
			);
			inputPaths = (
			);
			name = "[CP] Copy Pods Resources";
			outputPaths = (
			);
			runOnlyForDeploymentPostprocessing = 0;
			shellPath = /bin/sh;
			shellScript = "\"${SRCROOT}/Pods/Target Support Files/Pods-be-talk/Pods-be-talk-resources.sh\"\n";
			showEnvVarsInLog = 0;
		};
		F6327002BBD2E1AC1E7B7814 /* [CP] Embed Pods Frameworks */ = {
			isa = PBXShellScriptBuildPhase;
			buildActionMask = 2147483647;
			files = (
			);
			inputPaths = (
			);
			name = "[CP] Embed Pods Frameworks";
			outputPaths = (
			);
			runOnlyForDeploymentPostprocessing = 0;
			shellPath = /bin/sh;
			shellScript = "\"${SRCROOT}/Pods/Target Support Files/Pods-be-talkUITests/Pods-be-talkUITests-frameworks.sh\"\n";
			showEnvVarsInLog = 0;
		};
/* End PBXShellScriptBuildPhase section */

/* Begin PBXSourcesBuildPhase section */
		054360D01D82846B00B601EC /* Sources */ = {
			isa = PBXSourcesBuildPhase;
			buildActionMask = 2147483647;
			files = (
				0575F9651D94D138009D059C /* UIImageView.swift in Sources */,
				05CEF8E11DA4F88300DE2D94 /* RTCICECandidate+JSON.m in Sources */,
				054360DC1D82846B00B601EC /* MessageController.swift in Sources */,
				0534F5481D93CEA300C69052 /* UserModel.swift in Sources */,
				05CE0B6B1D90D7B900844F94 /* Request.swift in Sources */,
				05CEF8E41DA4F88300DE2D94 /* RTCSessionDescription+JSON.m in Sources */,
				05CEF8DB1DA4F88300DE2D94 /* ARDAppClient.m in Sources */,
				05CEF8DD1DA4F88300DE2D94 /* ARDRegisterResponse.m in Sources */,
				053EC5C51D88C7EA00360F80 /* LoginController.swift in Sources */,
				05CEF8E31DA4F88300DE2D94 /* RTCMediaConstraints+JSON.m in Sources */,
				052B15491DA735E10088996B /* ContactCellTableViewController.swift in Sources */,
				05CEF8E21DA4F88300DE2D94 /* RTCICEServer+JSON.m in Sources */,
				05F1243D1D9CDCA5000620B0 /* ContactItem.swift in Sources */,
				05CEF8DE1DA4F88300DE2D94 /* ARDSignalingMessage.m in Sources */,
				054360D81D82846B00B601EC /* AppDelegate.swift in Sources */,
				05CEF8DF1DA4F88300DE2D94 /* ARDUtilities.m in Sources */,
				053D9E0D1D8A831700C2732C /* RestApiManager.swift in Sources */,
				053359071D9E07190015158B /* ContactTableViewController.swift in Sources */,
				05CEF8E01DA4F88300DE2D94 /* ARDWebSocketChannel.m in Sources */,
				05CEF8DC1DA4F88300DE2D94 /* ARDMessageResponse.m in Sources */,
				054360DA1D82846B00B601EC /* ProfileController.swift in Sources */,
				056F5A851DA2259C00A0A58E /* ContactDetailViewController.swift in Sources */,
				05666FEC1DA5F16C00BF6D76 /* CallViewController.swift in Sources */,
				0575F9691D9512E0009D059C /* ContactController.swift in Sources */,
			);
			runOnlyForDeploymentPostprocessing = 0;
		};
		054360E61D82846B00B601EC /* Sources */ = {
			isa = PBXSourcesBuildPhase;
			buildActionMask = 2147483647;
			files = (
			);
			runOnlyForDeploymentPostprocessing = 0;
		};
		054360F11D82846B00B601EC /* Sources */ = {
			isa = PBXSourcesBuildPhase;
			buildActionMask = 2147483647;
			files = (
				054360FA1D82846B00B601EC /* be_talkUITests.swift in Sources */,
			);
			runOnlyForDeploymentPostprocessing = 0;
		};
/* End PBXSourcesBuildPhase section */

/* Begin PBXTargetDependency section */
		054360EC1D82846B00B601EC /* PBXTargetDependency */ = {
			isa = PBXTargetDependency;
			target = 054360D31D82846B00B601EC /* be-talk */;
			targetProxy = 054360EB1D82846B00B601EC /* PBXContainerItemProxy */;
		};
		054360F71D82846B00B601EC /* PBXTargetDependency */ = {
			isa = PBXTargetDependency;
			target = 054360D31D82846B00B601EC /* be-talk */;
			targetProxy = 054360F61D82846B00B601EC /* PBXContainerItemProxy */;
		};
/* End PBXTargetDependency section */

/* Begin PBXVariantGroup section */
		054360DD1D82846B00B601EC /* Main.storyboard */ = {
			isa = PBXVariantGroup;
			children = (
				054360DE1D82846B00B601EC /* Base */,
			);
			name = Main.storyboard;
			sourceTree = "<group>";
		};
		054360E21D82846B00B601EC /* LaunchScreen.storyboard */ = {
			isa = PBXVariantGroup;
			children = (
				054360E31D82846B00B601EC /* Base */,
			);
			name = LaunchScreen.storyboard;
			sourceTree = "<group>";
		};
/* End PBXVariantGroup section */

/* Begin XCBuildConfiguration section */
		054360FC1D82846B00B601EC /* Debug */ = {
			isa = XCBuildConfiguration;
			buildSettings = {
				ALWAYS_SEARCH_USER_PATHS = NO;
				CLANG_ANALYZER_NONNULL = YES;
				CLANG_CXX_LANGUAGE_STANDARD = "gnu++0x";
				CLANG_CXX_LIBRARY = "libc++";
				CLANG_ENABLE_MODULES = YES;
				CLANG_ENABLE_OBJC_ARC = YES;
				CLANG_WARN_BOOL_CONVERSION = YES;
				CLANG_WARN_CONSTANT_CONVERSION = YES;
				CLANG_WARN_DIRECT_OBJC_ISA_USAGE = YES_ERROR;
				CLANG_WARN_EMPTY_BODY = YES;
				CLANG_WARN_ENUM_CONVERSION = YES;
				CLANG_WARN_INFINITE_RECURSION = YES;
				CLANG_WARN_INT_CONVERSION = YES;
				CLANG_WARN_OBJC_ROOT_CLASS = YES_ERROR;
				CLANG_WARN_SUSPICIOUS_MOVE = YES;
				CLANG_WARN_UNREACHABLE_CODE = YES;
				CLANG_WARN__DUPLICATE_METHOD_MATCH = YES;
				"CODE_SIGN_IDENTITY[sdk=iphoneos*]" = "iPhone Developer";
				COPY_PHASE_STRIP = NO;
				DEBUG_INFORMATION_FORMAT = dwarf;
				ENABLE_STRICT_OBJC_MSGSEND = YES;
				ENABLE_TESTABILITY = YES;
				GCC_C_LANGUAGE_STANDARD = gnu99;
				GCC_DYNAMIC_NO_PIC = NO;
				GCC_NO_COMMON_BLOCKS = YES;
				GCC_OPTIMIZATION_LEVEL = 0;
				GCC_PREPROCESSOR_DEFINITIONS = (
					"DEBUG=1",
					"$(inherited)",
				);
				GCC_WARN_64_TO_32_BIT_CONVERSION = YES;
				GCC_WARN_ABOUT_RETURN_TYPE = YES_ERROR;
				GCC_WARN_UNDECLARED_SELECTOR = YES;
				GCC_WARN_UNINITIALIZED_AUTOS = YES_AGGRESSIVE;
				GCC_WARN_UNUSED_FUNCTION = YES;
				GCC_WARN_UNUSED_VARIABLE = YES;
				IPHONEOS_DEPLOYMENT_TARGET = 9.0;
				MTL_ENABLE_DEBUG_INFO = YES;
				ONLY_ACTIVE_ARCH = YES;
				SDKROOT = iphoneos;
				SWIFT_INCLUDE_PATHS = "";
				SWIFT_OPTIMIZATION_LEVEL = "-Onone";
			};
			name = Debug;
		};
		054360FD1D82846B00B601EC /* Release */ = {
			isa = XCBuildConfiguration;
			buildSettings = {
				ALWAYS_SEARCH_USER_PATHS = NO;
				CLANG_ANALYZER_NONNULL = YES;
				CLANG_CXX_LANGUAGE_STANDARD = "gnu++0x";
				CLANG_CXX_LIBRARY = "libc++";
				CLANG_ENABLE_MODULES = YES;
				CLANG_ENABLE_OBJC_ARC = YES;
				CLANG_WARN_BOOL_CONVERSION = YES;
				CLANG_WARN_CONSTANT_CONVERSION = YES;
				CLANG_WARN_DIRECT_OBJC_ISA_USAGE = YES_ERROR;
				CLANG_WARN_EMPTY_BODY = YES;
				CLANG_WARN_ENUM_CONVERSION = YES;
				CLANG_WARN_INFINITE_RECURSION = YES;
				CLANG_WARN_INT_CONVERSION = YES;
				CLANG_WARN_OBJC_ROOT_CLASS = YES_ERROR;
				CLANG_WARN_SUSPICIOUS_MOVE = YES;
				CLANG_WARN_UNREACHABLE_CODE = YES;
				CLANG_WARN__DUPLICATE_METHOD_MATCH = YES;
				"CODE_SIGN_IDENTITY[sdk=iphoneos*]" = "iPhone Developer";
				COPY_PHASE_STRIP = NO;
				DEBUG_INFORMATION_FORMAT = "dwarf-with-dsym";
				ENABLE_NS_ASSERTIONS = NO;
				ENABLE_STRICT_OBJC_MSGSEND = YES;
				GCC_C_LANGUAGE_STANDARD = gnu99;
				GCC_NO_COMMON_BLOCKS = YES;
				GCC_WARN_64_TO_32_BIT_CONVERSION = YES;
				GCC_WARN_ABOUT_RETURN_TYPE = YES_ERROR;
				GCC_WARN_UNDECLARED_SELECTOR = YES;
				GCC_WARN_UNINITIALIZED_AUTOS = YES_AGGRESSIVE;
				GCC_WARN_UNUSED_FUNCTION = YES;
				GCC_WARN_UNUSED_VARIABLE = YES;
				IPHONEOS_DEPLOYMENT_TARGET = 9.0;
				MTL_ENABLE_DEBUG_INFO = NO;
				SDKROOT = iphoneos;
				SWIFT_INCLUDE_PATHS = "";
				SWIFT_OPTIMIZATION_LEVEL = "-Owholemodule";
				VALIDATE_PRODUCT = YES;
			};
			name = Release;
		};
		054360FF1D82846B00B601EC /* Debug */ = {
			isa = XCBuildConfiguration;
			baseConfigurationReference = 3C70207114327AF37204E715 /* Pods-be-talk.debug.xcconfig */;
			buildSettings = {
				ALWAYS_EMBED_SWIFT_STANDARD_LIBRARIES = YES;
				ASSETCATALOG_COMPILER_APPICON_NAME = AppIcon;
				CLANG_ANALYZER_NONNULL = YES_NONAGGRESSIVE;
				CODE_SIGN_ENTITLEMENTS = "";
				CODE_SIGN_IDENTITY = "iPhone Developer";
				DEFINES_MODULE = YES;
				DEVELOPMENT_TEAM = MVG95J96JN;
				ENABLE_BITCODE = NO;
				HEADER_SEARCH_PATHS = (
					"\"${PODS_ROOT}/Headers/libjingle_peerconnection\"",
					"$(inherited)",
					"\"${PODS_ROOT}/Headers/Public\"",
					"\"${PODS_ROOT}/Headers/Public/libjingle_peerconnection\"",
				);
				INFOPLIST_FILE = "be-talk/Info.plist";
				IPHONEOS_DEPLOYMENT_TARGET = 9.0;
				LD_RUNPATH_SEARCH_PATHS = "$(inherited) @executable_path/Frameworks";
				LIBRARY_SEARCH_PATHS = (
					"$(inherited)",
					"\"$(PODS_ROOT)/libjingle_peerconnection\"",
					"$(inherited)",
					"\"${PODS_ROOT}/libjingle_peerconnection/libjingle_peerconnection\"",
				);
				PRODUCT_BUNDLE_IDENTIFIER = "com.app.be-talk";
				PRODUCT_NAME = "$(TARGET_NAME)";
				SWIFT_OBJC_BRIDGING_HEADER = "be-talk/be-talk-bridging-header.h";
				SWIFT_VERSION = 3.0;
				TARGETED_DEVICE_FAMILY = "1,2";
			};
			name = Debug;
		};
		054361001D82846B00B601EC /* Release */ = {
			isa = XCBuildConfiguration;
			baseConfigurationReference = 61DDEE3DCC6E6374CCC57A56 /* Pods-be-talk.release.xcconfig */;
			buildSettings = {
				ALWAYS_EMBED_SWIFT_STANDARD_LIBRARIES = YES;
				ASSETCATALOG_COMPILER_APPICON_NAME = AppIcon;
				CLANG_ANALYZER_NONNULL = YES_NONAGGRESSIVE;
				CODE_SIGN_ENTITLEMENTS = "";
				CODE_SIGN_IDENTITY = "iPhone Developer";
				DEFINES_MODULE = YES;
				DEVELOPMENT_TEAM = MVG95J96JN;
				ENABLE_BITCODE = NO;
				HEADER_SEARCH_PATHS = (
					"\"${PODS_ROOT}/Headers/libjingle_peerconnection\"",
					"$(inherited)",
					"\"${PODS_ROOT}/Headers/Public\"",
					"\"${PODS_ROOT}/Headers/Public/libjingle_peerconnection\"",
				);
				INFOPLIST_FILE = "be-talk/Info.plist";
				IPHONEOS_DEPLOYMENT_TARGET = 9.0;
				LD_RUNPATH_SEARCH_PATHS = "$(inherited) @executable_path/Frameworks";
				LIBRARY_SEARCH_PATHS = (
					"$(inherited)",
					"\"$(PODS_ROOT)/libjingle_peerconnection\"",
					"$(inherited)",
					"\"${PODS_ROOT}/libjingle_peerconnection/libjingle_peerconnection\"",
				);
				PRODUCT_BUNDLE_IDENTIFIER = "com.app.be-talk";
				PRODUCT_NAME = "$(TARGET_NAME)";
				SWIFT_OBJC_BRIDGING_HEADER = "be-talk/be-talk-bridging-header.h";
				SWIFT_VERSION = 3.0;
				TARGETED_DEVICE_FAMILY = "1,2";
			};
			name = Release;
		};
		054361021D82846B00B601EC /* Debug */ = {
			isa = XCBuildConfiguration;
			buildSettings = {
				BUNDLE_LOADER = "$(TEST_HOST)";
				HEADER_SEARCH_PATHS = "$(SRCROOT)/Pods/**";
				INFOPLIST_FILE = "be-talkTests/Info.plist";
				LD_RUNPATH_SEARCH_PATHS = "$(inherited) @executable_path/Frameworks @loader_path/Frameworks";
				PRODUCT_BUNDLE_IDENTIFIER = "com.app.be-talk.be-talkTests";
				PRODUCT_NAME = "$(TARGET_NAME)";
				SWIFT_VERSION = 3.0;
				TEST_HOST = "$(BUILT_PRODUCTS_DIR)/be-talk.app/be-talk";
			};
			name = Debug;
		};
		054361031D82846B00B601EC /* Release */ = {
			isa = XCBuildConfiguration;
			buildSettings = {
				BUNDLE_LOADER = "$(TEST_HOST)";
				HEADER_SEARCH_PATHS = "$(SRCROOT)/Pods/**";
				INFOPLIST_FILE = "be-talkTests/Info.plist";
				LD_RUNPATH_SEARCH_PATHS = "$(inherited) @executable_path/Frameworks @loader_path/Frameworks";
				PRODUCT_BUNDLE_IDENTIFIER = "com.app.be-talk.be-talkTests";
				PRODUCT_NAME = "$(TARGET_NAME)";
				SWIFT_VERSION = 3.0;
				TEST_HOST = "$(BUILT_PRODUCTS_DIR)/be-talk.app/be-talk";
			};
			name = Release;
		};
		054361051D82846B00B601EC /* Debug */ = {
			isa = XCBuildConfiguration;
			baseConfigurationReference = BA0CB08D5D70383C663511D3 /* Pods-be-talkUITests.debug.xcconfig */;
			buildSettings = {
				HEADER_SEARCH_PATHS = "$(SRCROOT)/Pods/**";
				INFOPLIST_FILE = "be-talkUITests/Info.plist";
				LD_RUNPATH_SEARCH_PATHS = "$(inherited) @executable_path/Frameworks @loader_path/Frameworks";
				PRODUCT_BUNDLE_IDENTIFIER = "com.app.be-talk.be-talkUITests";
				PRODUCT_NAME = "$(TARGET_NAME)";
				SWIFT_VERSION = 3.0;
				TEST_TARGET_NAME = "be-talk";
			};
			name = Debug;
		};
		054361061D82846B00B601EC /* Release */ = {
			isa = XCBuildConfiguration;
			baseConfigurationReference = F60A5B1954F363F5C701E5F5 /* Pods-be-talkUITests.release.xcconfig */;
			buildSettings = {
				HEADER_SEARCH_PATHS = "$(SRCROOT)/Pods/**";
				INFOPLIST_FILE = "be-talkUITests/Info.plist";
				LD_RUNPATH_SEARCH_PATHS = "$(inherited) @executable_path/Frameworks @loader_path/Frameworks";
				PRODUCT_BUNDLE_IDENTIFIER = "com.app.be-talk.be-talkUITests";
				PRODUCT_NAME = "$(TARGET_NAME)";
				SWIFT_VERSION = 3.0;
				TEST_TARGET_NAME = "be-talk";
			};
			name = Release;
		};
/* End XCBuildConfiguration section */

/* Begin XCConfigurationList section */
		054360CF1D82846B00B601EC /* Build configuration list for PBXProject "be-talk" */ = {
			isa = XCConfigurationList;
			buildConfigurations = (
				054360FC1D82846B00B601EC /* Debug */,
				054360FD1D82846B00B601EC /* Release */,
			);
			defaultConfigurationIsVisible = 0;
			defaultConfigurationName = Release;
		};
		054360FE1D82846B00B601EC /* Build configuration list for PBXNativeTarget "be-talk" */ = {
			isa = XCConfigurationList;
			buildConfigurations = (
				054360FF1D82846B00B601EC /* Debug */,
				054361001D82846B00B601EC /* Release */,
			);
			defaultConfigurationIsVisible = 0;
			defaultConfigurationName = Release;
		};
		054361011D82846B00B601EC /* Build configuration list for PBXNativeTarget "be-talkTests" */ = {
			isa = XCConfigurationList;
			buildConfigurations = (
				054361021D82846B00B601EC /* Debug */,
				054361031D82846B00B601EC /* Release */,
			);
			defaultConfigurationIsVisible = 0;
			defaultConfigurationName = Release;
		};
		054361041D82846B00B601EC /* Build configuration list for PBXNativeTarget "be-talkUITests" */ = {
			isa = XCConfigurationList;
			buildConfigurations = (
				054361051D82846B00B601EC /* Debug */,
				054361061D82846B00B601EC /* Release */,
			);
			defaultConfigurationIsVisible = 0;
			defaultConfigurationName = Release;
		};
/* End XCConfigurationList section */
	};
	rootObject = 054360CC1D82846B00B601EC /* Project object */;
}
